// !$*UTF8*$!
{
	archiveVersion = 1;
	classes = {
	};
	objectVersion = 55;
	objects = {

/* Begin PBXBuildFile section */
		B36284422A83113A0019CB3A /* ChaosViewController.swift in Sources */ = {isa = PBXBuildFile; fileRef = B36284412A83113A0019CB3A /* ChaosViewController.swift */; };
		B3663703276D8C4400E3EC84 /* IntroductionViewController.swift in Sources */ = {isa = PBXBuildFile; fileRef = B3663702276D8C4400E3EC84 /* IntroductionViewController.swift */; };
		B37ED1032A7AB5E100249B8A /* calm.mp3 in Resources */ = {isa = PBXBuildFile; fileRef = B37ED1022A7AB5E100249B8A /* calm.mp3 */; };
		B37ED1052A7AC23E00249B8A /* water.jpg in Resources */ = {isa = PBXBuildFile; fileRef = B37ED1042A7AC23E00249B8A /* water.jpg */; };
		B37ED1072A7AC3B100249B8A /* water-2jpg.jpg in Resources */ = {isa = PBXBuildFile; fileRef = B37ED1062A7AC3B100249B8A /* water-2jpg.jpg */; };
		B3E408C62740DC6E0048CD09 /* AppDelegate.swift in Sources */ = {isa = PBXBuildFile; fileRef = B3E408C52740DC6E0048CD09 /* AppDelegate.swift */; };
		B3E408C82740DC6E0048CD09 /* SceneDelegate.swift in Sources */ = {isa = PBXBuildFile; fileRef = B3E408C72740DC6E0048CD09 /* SceneDelegate.swift */; };
		B3E408CA2740DC6E0048CD09 /* ViewController.swift in Sources */ = {isa = PBXBuildFile; fileRef = B3E408C92740DC6E0048CD09 /* ViewController.swift */; };
		B3E408CD2740DC6E0048CD09 /* Main.storyboard in Resources */ = {isa = PBXBuildFile; fileRef = B3E408CB2740DC6E0048CD09 /* Main.storyboard */; };
		B3E408CF2740DC700048CD09 /* Assets.xcassets in Resources */ = {isa = PBXBuildFile; fileRef = B3E408CE2740DC700048CD09 /* Assets.xcassets */; };
		B3E408D22740DC700048CD09 /* LaunchScreen.storyboard in Resources */ = {isa = PBXBuildFile; fileRef = B3E408D02740DC700048CD09 /* LaunchScreen.storyboard */; };
/* End PBXBuildFile section */

/* Begin PBXFileReference section */
		B36284412A83113A0019CB3A /* ChaosViewController.swift */ = {isa = PBXFileReference; lastKnownFileType = sourcecode.swift; path = ChaosViewController.swift; sourceTree = "<group>"; };
		B3663702276D8C4400E3EC84 /* IntroductionViewController.swift */ = {isa = PBXFileReference; lastKnownFileType = sourcecode.swift; path = IntroductionViewController.swift; sourceTree = "<group>"; };
		B37ED1022A7AB5E100249B8A /* calm.mp3 */ = {isa = PBXFileReference; lastKnownFileType = audio.mp3; path = calm.mp3; sourceTree = "<group>"; };
		B37ED1042A7AC23E00249B8A /* water.jpg */ = {isa = PBXFileReference; lastKnownFileType = image.jpeg; path = water.jpg; sourceTree = "<group>"; };
		B37ED1062A7AC3B100249B8A /* water-2jpg.jpg */ = {isa = PBXFileReference; lastKnownFileType = image.jpeg; path = "water-2jpg.jpg"; sourceTree = "<group>"; };
		B3E408C22740DC6E0048CD09 /* GuessTheColor.app */ = {isa = PBXFileReference; explicitFileType = wrapper.application; includeInIndex = 0; path = GuessTheColor.app; sourceTree = BUILT_PRODUCTS_DIR; };
		B3E408C52740DC6E0048CD09 /* AppDelegate.swift */ = {isa = PBXFileReference; lastKnownFileType = sourcecode.swift; path = AppDelegate.swift; sourceTree = "<group>"; };
		B3E408C72740DC6E0048CD09 /* SceneDelegate.swift */ = {isa = PBXFileReference; lastKnownFileType = sourcecode.swift; path = SceneDelegate.swift; sourceTree = "<group>"; };
		B3E408C92740DC6E0048CD09 /* ViewController.swift */ = {isa = PBXFileReference; lastKnownFileType = sourcecode.swift; path = ViewController.swift; sourceTree = "<group>"; };
		B3E408CC2740DC6E0048CD09 /* Base */ = {isa = PBXFileReference; lastKnownFileType = file.storyboard; name = Base; path = Base.lproj/Main.storyboard; sourceTree = "<group>"; };
		B3E408CE2740DC700048CD09 /* Assets.xcassets */ = {isa = PBXFileReference; lastKnownFileType = folder.assetcatalog; path = Assets.xcassets; sourceTree = "<group>"; };
		B3E408D12740DC700048CD09 /* Base */ = {isa = PBXFileReference; lastKnownFileType = file.storyboard; name = Base; path = Base.lproj/LaunchScreen.storyboard; sourceTree = "<group>"; };
		B3E408D32740DC700048CD09 /* Info.plist */ = {isa = PBXFileReference; lastKnownFileType = text.plist.xml; path = Info.plist; sourceTree = "<group>"; };
/* End PBXFileReference section */

/* Begin PBXFrameworksBuildPhase section */
		B3E408BF2740DC6E0048CD09 /* Frameworks */ = {
			isa = PBXFrameworksBuildPhase;
			buildActionMask = 2147483647;
			files = (
			);
			runOnlyForDeploymentPostprocessing = 0;
		};
/* End PBXFrameworksBuildPhase section */

/* Begin PBXGroup section */
		B3663704276D8C4D00E3EC84 /* Controllers */ = {
			isa = PBXGroup;
			children = (
				B3663702276D8C4400E3EC84 /* IntroductionViewController.swift */,
				B3E408C92740DC6E0048CD09 /* ViewController.swift */,
				B36284412A83113A0019CB3A /* ChaosViewController.swift */,
			);
			path = Controllers;
			sourceTree = "<group>";
		};
		B3E408B92740DC6E0048CD09 = {
			isa = PBXGroup;
			children = (
				B3E408C42740DC6E0048CD09 /* GuessTheColor */,
				B3E408C32740DC6E0048CD09 /* Products */,
			);
			sourceTree = "<group>";
		};
		B3E408C32740DC6E0048CD09 /* Products */ = {
			isa = PBXGroup;
			children = (
				B3E408C22740DC6E0048CD09 /* GuessTheColor.app */,
			);
			name = Products;
			sourceTree = "<group>";
		};
		B3E408C42740DC6E0048CD09 /* GuessTheColor */ = {
			isa = PBXGroup;
			children = (
				B37ED1022A7AB5E100249B8A /* calm.mp3 */,
				B37ED1042A7AC23E00249B8A /* water.jpg */,
				B37ED1062A7AC3B100249B8A /* water-2jpg.jpg */,
				B3E408C52740DC6E0048CD09 /* AppDelegate.swift */,
				B3E408C72740DC6E0048CD09 /* SceneDelegate.swift */,
				B3663704276D8C4D00E3EC84 /* Controllers */,
				B3E408CB2740DC6E0048CD09 /* Main.storyboard */,
				B3E408CE2740DC700048CD09 /* Assets.xcassets */,
				B3E408D02740DC700048CD09 /* LaunchScreen.storyboard */,
				B3E408D32740DC700048CD09 /* Info.plist */,
			);
			path = GuessTheColor;
			sourceTree = "<group>";
		};
/* End PBXGroup section */

/* Begin PBXNativeTarget section */
		B3E408C12740DC6E0048CD09 /* GuessTheColor */ = {
			isa = PBXNativeTarget;
			buildConfigurationList = B3E408D62740DC700048CD09 /* Build configuration list for PBXNativeTarget "GuessTheColor" */;
			buildPhases = (
				B3E408BE2740DC6E0048CD09 /* Sources */,
				B3E408BF2740DC6E0048CD09 /* Frameworks */,
				B3E408C02740DC6E0048CD09 /* Resources */,
			);
			buildRules = (
			);
			dependencies = (
			);
			name = GuessTheColor;
			productName = GuessTheColor;
			productReference = B3E408C22740DC6E0048CD09 /* GuessTheColor.app */;
			productType = "com.apple.product-type.application";
		};
/* End PBXNativeTarget section */

/* Begin PBXProject section */
		B3E408BA2740DC6E0048CD09 /* Project object */ = {
			isa = PBXProject;
			attributes = {
				BuildIndependentTargetsInParallel = 1;
				LastSwiftUpdateCheck = 1310;
				LastUpgradeCheck = 1310;
				TargetAttributes = {
					B3E408C12740DC6E0048CD09 = {
						CreatedOnToolsVersion = 13.1;
					};
				};
			};
			buildConfigurationList = B3E408BD2740DC6E0048CD09 /* Build configuration list for PBXProject "GuessTheColor" */;
			compatibilityVersion = "Xcode 13.0";
			developmentRegion = en;
			hasScannedForEncodings = 0;
			knownRegions = (
				en,
				Base,
			);
			mainGroup = B3E408B92740DC6E0048CD09;
			productRefGroup = B3E408C32740DC6E0048CD09 /* Products */;
			projectDirPath = "";
			projectRoot = "";
			targets = (
				B3E408C12740DC6E0048CD09 /* GuessTheColor */,
			);
		};
/* End PBXProject section */

/* Begin PBXResourcesBuildPhase section */
		B3E408C02740DC6E0048CD09 /* Resources */ = {
			isa = PBXResourcesBuildPhase;
			buildActionMask = 2147483647;
			files = (
				B3E408D22740DC700048CD09 /* LaunchScreen.storyboard in Resources */,
				B3E408CF2740DC700048CD09 /* Assets.xcassets in Resources */,
				B3E408CD2740DC6E0048CD09 /* Main.storyboard in Resources */,
				B37ED1032A7AB5E100249B8A /* calm.mp3 in Resources */,
				B37ED1072A7AC3B100249B8A /* water-2jpg.jpg in Resources */,
				B37ED1052A7AC23E00249B8A /* water.jpg in Resources */,
			);
			runOnlyForDeploymentPostprocessing = 0;
		};
/* End PBXResourcesBuildPhase section */

/* Begin PBXSourcesBuildPhase section */
		B3E408BE2740DC6E0048CD09 /* Sources */ = {
			isa = PBXSourcesBuildPhase;
			buildActionMask = 2147483647;
			files = (
				B3663703276D8C4400E3EC84 /* IntroductionViewController.swift in Sources */,
				B3E408CA2740DC6E0048CD09 /* ViewController.swift in Sources */,
				B3E408C62740DC6E0048CD09 /* AppDelegate.swift in Sources */,
				B3E408C82740DC6E0048CD09 /* SceneDelegate.swift in Sources */,
				B36284422A83113A0019CB3A /* ChaosViewController.swift in Sources */,
			);
			runOnlyForDeploymentPostprocessing = 0;
		};
/* End PBXSourcesBuildPhase section */

/* Begin PBXVariantGroup section */
		B3E408CB2740DC6E0048CD09 /* Main.storyboard */ = {
			isa = PBXVariantGroup;
			children = (
				B3E408CC2740DC6E0048CD09 /* Base */,
			);
			name = Main.storyboard;
			sourceTree = "<group>";
		};
		B3E408D02740DC700048CD09 /* LaunchScreen.storyboard */ = {
			isa = PBXVariantGroup;
			children = (
				B3E408D12740DC700048CD09 /* Base */,
			);
			name = LaunchScreen.storyboard;
			sourceTree = "<group>";
		};
/* End PBXVariantGroup section */

/* Begin XCBuildConfiguration section */
		B3E408D42740DC700048CD09 /* Debug */ = {
			isa = XCBuildConfiguration;
			buildSettings = {
				ALWAYS_SEARCH_USER_PATHS = NO;
				CLANG_ANALYZER_NONNULL = YES;
				CLANG_ANALYZER_NUMBER_OBJECT_CONVERSION = YES_AGGRESSIVE;
				CLANG_CXX_LANGUAGE_STANDARD = "gnu++17";
				CLANG_CXX_LIBRARY = "libc++";
				CLANG_ENABLE_MODULES = YES;
				CLANG_ENABLE_OBJC_ARC = YES;
				CLANG_ENABLE_OBJC_WEAK = YES;
				CLANG_WARN_BLOCK_CAPTURE_AUTORELEASING = YES;
				CLANG_WARN_BOOL_CONVERSION = YES;
				CLANG_WARN_COMMA = YES;
				CLANG_WARN_CONSTANT_CONVERSION = YES;
				CLANG_WARN_DEPRECATED_OBJC_IMPLEMENTATIONS = YES;
				CLANG_WARN_DIRECT_OBJC_ISA_USAGE = YES_ERROR;
				CLANG_WARN_DOCUMENTATION_COMMENTS = YES;
				CLANG_WARN_EMPTY_BODY = YES;
				CLANG_WARN_ENUM_CONVERSION = YES;
				CLANG_WARN_INFINITE_RECURSION = YES;
				CLANG_WARN_INT_CONVERSION = YES;
				CLANG_WARN_NON_LITERAL_NULL_CONVERSION = YES;
				CLANG_WARN_OBJC_IMPLICIT_RETAIN_SELF = YES;
				CLANG_WARN_OBJC_LITERAL_CONVERSION = YES;
				CLANG_WARN_OBJC_ROOT_CLASS = YES_ERROR;
				CLANG_WARN_QUOTED_INCLUDE_IN_FRAMEWORK_HEADER = YES;
				CLANG_WARN_RANGE_LOOP_ANALYSIS = YES;
				CLANG_WARN_STRICT_PROTOTYPES = YES;
				CLANG_WARN_SUSPICIOUS_MOVE = YES;
				CLANG_WARN_UNGUARDED_AVAILABILITY = YES_AGGRESSIVE;
				CLANG_WARN_UNREACHABLE_CODE = YES;
				CLANG_WARN__DUPLICATE_METHOD_MATCH = YES;
				COPY_PHASE_STRIP = NO;
				DEBUG_INFORMATION_FORMAT = dwarf;
				ENABLE_STRICT_OBJC_MSGSEND = YES;
				ENABLE_TESTABILITY = YES;
				GCC_C_LANGUAGE_STANDARD = gnu11;
				GCC_DYNAMIC_NO_PIC = NO;
				GCC_NO_COMMON_BLOCKS = YES;
				GCC_OPTIMIZATION_LEVEL = 0;
				GCC_PREPROCESSOR_DEFINITIONS = (
					"DEBUG=1",
					"$(inherited)",
				);
				GCC_WARN_64_TO_32_BIT_CONVERSION = YES;
				GCC_WARN_ABOUT_RETURN_TYPE = YES_ERROR;
				GCC_WARN_UNDECLARED_SELECTOR = YES;
				GCC_WARN_UNINITIALIZED_AUTOS = YES_AGGRESSIVE;
				GCC_WARN_UNUSED_FUNCTION = YES;
				GCC_WARN_UNUSED_VARIABLE = YES;
				IPHONEOS_DEPLOYMENT_TARGET = 15.0;
				MTL_ENABLE_DEBUG_INFO = INCLUDE_SOURCE;
				MTL_FAST_MATH = YES;
				ONLY_ACTIVE_ARCH = YES;
				SDKROOT = iphoneos;
				SWIFT_ACTIVE_COMPILATION_CONDITIONS = DEBUG;
				SWIFT_OPTIMIZATION_LEVEL = "-Onone";
			};
			name = Debug;
		};
		B3E408D52740DC700048CD09 /* Release */ = {
			isa = XCBuildConfiguration;
			buildSettings = {
				ALWAYS_SEARCH_USER_PATHS = NO;
				CLANG_ANALYZER_NONNULL = YES;
				CLANG_ANALYZER_NUMBER_OBJECT_CONVERSION = YES_AGGRESSIVE;
				CLANG_CXX_LANGUAGE_STANDARD = "gnu++17";
				CLANG_CXX_LIBRARY = "libc++";
				CLANG_ENABLE_MODULES = YES;
				CLANG_ENABLE_OBJC_ARC = YES;
				CLANG_ENABLE_OBJC_WEAK = YES;
				CLANG_WARN_BLOCK_CAPTURE_AUTORELEASING = YES;
				CLANG_WARN_BOOL_CONVERSION = YES;
				CLANG_WARN_COMMA = YES;
				CLANG_WARN_CONSTANT_CONVERSION = YES;
				CLANG_WARN_DEPRECATED_OBJC_IMPLEMENTATIONS = YES;
				CLANG_WARN_DIRECT_OBJC_ISA_USAGE = YES_ERROR;
				CLANG_WARN_DOCUMENTATION_COMMENTS = YES;
				CLANG_WARN_EMPTY_BODY = YES;
				CLANG_WARN_ENUM_CONVERSION = YES;
				CLANG_WARN_INFINITE_RECURSION = YES;
				CLANG_WARN_INT_CONVERSION = YES;
				CLANG_WARN_NON_LITERAL_NULL_CONVERSION = YES;
				CLANG_WARN_OBJC_IMPLICIT_RETAIN_SELF = YES;
				CLANG_WARN_OBJC_LITERAL_CONVERSION = YES;
				CLANG_WARN_OBJC_ROOT_CLASS = YES_ERROR;
				CLANG_WARN_QUOTED_INCLUDE_IN_FRAMEWORK_HEADER = YES;
				CLANG_WARN_RANGE_LOOP_ANALYSIS = YES;
				CLANG_WARN_STRICT_PROTOTYPES = YES;
				CLANG_WARN_SUSPICIOUS_MOVE = YES;
				CLANG_WARN_UNGUARDED_AVAILABILITY = YES_AGGRESSIVE;
				CLANG_WARN_UNREACHABLE_CODE = YES;
				CLANG_WARN__DUPLICATE_METHOD_MATCH = YES;
				COPY_PHASE_STRIP = NO;
				DEBUG_INFORMATION_FORMAT = "dwarf-with-dsym";
				ENABLE_NS_ASSERTIONS = NO;
				ENABLE_STRICT_OBJC_MSGSEND = YES;
				GCC_C_LANGUAGE_STANDARD = gnu11;
				GCC_NO_COMMON_BLOCKS = YES;
				GCC_WARN_64_TO_32_BIT_CONVERSION = YES;
				GCC_WARN_ABOUT_RETURN_TYPE = YES_ERROR;
				GCC_WARN_UNDECLARED_SELECTOR = YES;
				GCC_WARN_UNINITIALIZED_AUTOS = YES_AGGRESSIVE;
				GCC_WARN_UNUSED_FUNCTION = YES;
				GCC_WARN_UNUSED_VARIABLE = YES;
				IPHONEOS_DEPLOYMENT_TARGET = 15.0;
				MTL_ENABLE_DEBUG_INFO = NO;
				MTL_FAST_MATH = YES;
				SDKROOT = iphoneos;
				SWIFT_COMPILATION_MODE = wholemodule;
				SWIFT_OPTIMIZATION_LEVEL = "-O";
				VALIDATE_PRODUCT = YES;
			};
			name = Release;
		};
		B3E408D72740DC700048CD09 /* Debug */ = {
			isa = XCBuildConfiguration;
			buildSettings = {
				ASSETCATALOG_COMPILER_APPICON_NAME = AppIcon;
				ASSETCATALOG_COMPILER_GLOBAL_ACCENT_COLOR_NAME = AccentColor;
				ASSETCATALOG_COMPILER_INCLUDE_ALL_APPICON_ASSETS = YES;
				CODE_SIGN_STYLE = Automatic;
				CURRENT_PROJECT_VERSION = 1;
				DEVELOPMENT_TEAM = A43MNB4Y8U;
				GENERATE_INFOPLIST_FILE = YES;
				INFOPLIST_FILE = GuessTheColor/Info.plist;
				INFOPLIST_KEY_CFBundleDisplayName = "Hue Match";
				INFOPLIST_KEY_UIApplicationSupportsIndirectInputEvents = YES;
				INFOPLIST_KEY_UILaunchStoryboardName = LaunchScreen;
				INFOPLIST_KEY_UIMainStoryboardFile = Main;
				INFOPLIST_KEY_UISupportedInterfaceOrientations = UIInterfaceOrientationPortrait;
				INFOPLIST_KEY_UISupportedInterfaceOrientations_iPad = "UIInterfaceOrientationPortrait UIInterfaceOrientationPortraitUpsideDown UIInterfaceOrientationLandscapeLeft UIInterfaceOrientationLandscapeRight";
				INFOPLIST_KEY_UISupportedInterfaceOrientations_iPhone = "UIInterfaceOrientationPortrait UIInterfaceOrientationLandscapeLeft UIInterfaceOrientationLandscapeRight";
				IPHONEOS_DEPLOYMENT_TARGET = 14.0;
				LD_RUNPATH_SEARCH_PATHS = (
					"$(inherited)",
					"@executable_path/Frameworks",
				);
				MARKETING_VERSION = 1.0;
				PRODUCT_BUNDLE_IDENTIFIER = com.theonlygnome.HueMatch;
				PRODUCT_NAME = "$(TARGET_NAME)";
				SWIFT_EMIT_LOC_STRINGS = YES;
				SWIFT_VERSION = 5.0;
				TARGETED_DEVICE_FAMILY = "1,2";
			};
			name = Debug;
		};
		B3E408D82740DC700048CD09 /* Release */ = {
			isa = XCBuildConfiguration;
			buildSettings = {
				ASSETCATALOG_COMPILER_APPICON_NAME = AppIcon;
				ASSETCATALOG_COMPILER_GLOBAL_ACCENT_COLOR_NAME = AccentColor;
				ASSETCATALOG_COMPILER_INCLUDE_ALL_APPICON_ASSETS = YES;
				CODE_SIGN_STYLE = Automatic;
				CURRENT_PROJECT_VERSION = 1;
				DEVELOPMENT_TEAM = A43MNB4Y8U;
				GENERATE_INFOPLIST_FILE = YES;
				INFOPLIST_FILE = GuessTheColor/Info.plist;
				INFOPLIST_KEY_CFBundleDisplayName = "Hue Match";
				INFOPLIST_KEY_UIApplicationSupportsIndirectInputEvents = YES;
				INFOPLIST_KEY_UILaunchStoryboardName = LaunchScreen;
				INFOPLIST_KEY_UIMainStoryboardFile = Main;
				INFOPLIST_KEY_UISupportedInterfaceOrientations = UIInterfaceOrientationPortrait;
				INFOPLIST_KEY_UISupportedInterfaceOrientations_iPad = "UIInterfaceOrientationPortrait UIInterfaceOrientationPortraitUpsideDown UIInterfaceOrientationLandscapeLeft UIInterfaceOrientationLandscapeRight";
				INFOPLIST_KEY_UISupportedInterfaceOrientations_iPhone = "UIInterfaceOrientationPortrait UIInterfaceOrientationLandscapeLeft UIInterfaceOrientationLandscapeRight";
				IPHONEOS_DEPLOYMENT_TARGET = 14.0;
				LD_RUNPATH_SEARCH_PATHS = (
					"$(inherited)",
					"@executable_path/Frameworks",
				);
				MARKETING_VERSION = 1.0;
				PRODUCT_BUNDLE_IDENTIFIER = com.theonlygnome.HueMatch;
				PRODUCT_NAME = "$(TARGET_NAME)";
				SWIFT_EMIT_LOC_STRINGS = YES;
				SWIFT_VERSION = 5.0;
				TARGETED_DEVICE_FAMILY = "1,2";
			};
			name = Release;
		};
/* End XCBuildConfiguration section */

/* Begin XCConfigurationList section */
		B3E408BD2740DC6E0048CD09 /* Build configuration list for PBXProject "GuessTheColor" */ = {
			isa = XCConfigurationList;
			buildConfigurations = (
				B3E408D42740DC700048CD09 /* Debug */,
				B3E408D52740DC700048CD09 /* Release */,
			);
			defaultConfigurationIsVisible = 0;
			defaultConfigurationName = Release;
		};
		B3E408D62740DC700048CD09 /* Build configuration list for PBXNativeTarget "GuessTheColor" */ = {
			isa = XCConfigurationList;
			buildConfigurations = (
				B3E408D72740DC700048CD09 /* Debug */,
				B3E408D82740DC700048CD09 /* Release */,
			);
			defaultConfigurationIsVisible = 0;
			defaultConfigurationName = Release;
		};
/* End XCConfigurationList section */
	};
	rootObject = B3E408BA2740DC6E0048CD09 /* Project object */;
}
